# This file is generated by running "yarn install" inside your project.
# Manual changes might be lost - proceed with caution!

  metadata:
  version: 5
  cacheKey: 8

  metadata:
  version: 5
  cacheKey: 8

"@achrinza/node-ipc@npm:9.2.2":
  version: 9.2.2
  resolution: "@achrinza/node-ipc@npm:9.2.2"
