# This file is generated by running "yarn install" inside your project.
# Manual changes might be lost - proceed with caution!

  metadata:
  version: 5
  cacheKey: 8

  metadata:
  version: 5
  cacheKey: 8

"@achrinza/node-ipc@npm:9.2.2":
  version: 9.2.2
  resolution: "@achrinza/node-ipc@npm:9.2.2"
  dependencies:
    "@node-ipc/js-queue": 2.0.3
    event-pubsub: 4.3.0
    js-message: 1.0.7
  checksum: cb80b9b753bd28ac52d5ca598eab10f91f311424adf9b4f0ac7e4caee4b43edc28b3f3129118dd6f94f24cc9b34464fc58301463ef42dc1a465c5c43412446f9
  languageName: node
 linkType: hard

"@adobe/css-tools@npm:^4.0.1":
  version: 4.1.0
  resolution: "@adobe/css-tools@npm:4.1.0"
  checksum: 50d0098461af146e112bdc700959fac473cce31ad25f5077b11c87bc66529c4aeb5a1e6f30f4a9646efe003c242f52f181f042e21f9cc137703ffde54a9d1fb5
  languageName: node
  linkType: hard

"@amplitude/analytics-connector@npm:1.4.2":
  version: 1.4.2
  resolution: "@amplitude/analytics-connector@npm:1.4.2"
  dependencies:
    "@amplitude/ua-parser-js": 0.7.26
  checksum: be0753d05d1ca199d859da003e9891f2ef6b449cbf1e631ecb63a483e7f02403aca9f67f72c5fd3279a022fbc6e3f696a974f7f8deaf87089a5acccf077c500d
  languageName: node
  linkType: hard
  linkType: hard
  linkType: hard
"@amplitude/types@npm:^1.10.2":
  version: 1.10.2
  resolution: "@amplitude/types@npm:1.10.2"
  checksum: 206ef520979c76a69baa145679a60c96249c165ff8354c0b58d183b917ae3abb35569cb0e9587ecf6c7b8636b2cc69d05ea9ecbd1cc9cade503256860bd80afe
  languageName: node
  linkType: hard

"@amplitude/ua-parser-js@npm:0.7.26":
  version: 0.7.26
  resolution: "@amplitude/ua-parser-js@npm:0.7.26"
  checksum: 38f6f297980b12f6991ea2550273ce85fc96d8d0180ae2e025a3a9439cb45d98623b8bed25915c3acfc047fa2a920c1d353e9aefad77b8cdb210d77622db7242
  languageName: node
  linkType: hard

"@amplitude/utils@npm:^1.0.5":
  version: 1.10.2
  resolution: "@amplitude/utils@npm:1.10.2"
  dependencies:
    "@amplitude/types": ^1.10.2
    tslib: ^2.0.0
  checksum: 9b5d3652725e30add1e42a1f221a3954c844d9aeb9d73b197c5ea2a0b91a86ccdedd4878e829cdae0eca287e68d37016347b97860069fa233d8d9ec78821d1c9
  languageName: node
  linkType: hard

"@ampproject/remapping@npm:^2.1.0":
  version: 2.2.0
  resolution: "@ampproject/remapping@npm:2.2.0"
  dependencies:
    "@jridgewell/gen-mapping": ^0.1.0
    "@jridgewell/trace-mapping": ^0.3.9
  checksum: d74d170d06468913921d72430259424b7e4c826b5a7d39ff839a29d547efb97dc577caa8ba3fb5cf023624e9af9d09651afc3d4112a45e2050328abc9b3a2292
  languageName: node
  linkType: hard

"@ampproject/remapping@npm:^2.2.0":
  version: 2.2.1
  resolution: "@ampproject/remapping@npm:2.2.1"
  dependencies:
    "@jridgewell/gen-mapping": ^0.3.0
    "@jridgewell/trace-mapping": ^0.3.9
  checksum: 03c04fd526acc64a1f4df22651186f3e5ef0a9d6d6530ce4482ec9841269cf7a11dbb8af79237c282d721c5312024ff17529cd72cc4768c11e999b58e2302079
  languageName: node
  linkType: hard

"@babel/cli@npm:^7.16.7":
  version: 7.20.7
  resolution: "@babel/cli@npm:7.20.7"
  dependencies:
    "@jridgewell/trace-mapping": ^0.3.8
    "@nicolo-ribaudo/chokidar-2": 2.1.8-no-fsevents.3
    chokidar: ^3.4.0
    commander: ^4.0.1
    convert-source-map: ^1.1.0
    fs-readdir-recursive: ^1.1.0
    glob: ^7.2.0
    make-dir: ^2.1.0
    slash: ^2.0.0
  peerDependencies:
    "@babel/core": ^7.0.0-0
  dependenciesMeta:
    "@nicolo-ribaudo/chokidar-2":
      optional: true
    chokidar:
      optional: true
  bin:
    babel: ./bin/babel.js
    babel-external-helpers: ./bin/babel-external-helpers.js
  checksum: 162d9645b82925cfd0a40162bbe2ed0014b215478165091c6cf9eed1fc89ceb0c462d37f4b0be48b5dc5453be33c96af092e290328deef788f18c2ae4e6618e3
  languageName: node
  linkType: hard

"@babel/code-frame@npm:^7.0.0, @babel/code-frame@npm:^7.10.4, @babel/code-frame@npm:^7.12.13, @babel/code-frame@npm:^7.18.6":
  version: 7.18.6
  resolution: "@babel/code-frame@npm:7.18.6"
  dependencies:
    "@babel/highlight": ^7.18.6
  checksum: e5390e6ec1ac58dcef01d4f18eaf1fd2f1325528661ff6d4a5de8979588b9f5a8e852a54a91b923846f7a5c681b217f0a45c2524eb9560553160cd963b7d592c
